
Microsoft Visual Studio Solution File, Format Version 12.00
# Visual Studio Version 17
VisualStudioVersion = 17.2.32630.192
MinimumVisualStudioVersion = 10.0.40219.1
Project("{FAE04EC0-301F-11D3-BF4B-00C04F79EFBC}") = "10Herança", "10Herança\10Herança.csproj", "{E50FD384-602C-45E6-B431-83A733B66706}"
EndProject
Global
	GlobalSection(SolutionConfigurationPlatforms) = preSolution
		Debug|Any CPU = Debug|Any CPU
		Release|Any CPU = Release|Any CPU
	EndGlobalSection
	GlobalSection(ProjectConfigurationPlatforms) = postSolution
		{E50FD384-602C-45E6-B431-83A733B66706}.Debug|Any CPU.ActiveCfg = Debug|Any CPU
		{E50FD384-602C-45E6-B431-83A733B66706}.Debug|Any CPU.Build.0 = Debug|Any CPU
		{E50FD384-602C-45E6-B431-83A733B66706}.Release|Any CPU.ActiveCfg = Release|Any CPU
		{E50FD384-602C-45E6-B431-83A733B66706}.Release|Any CPU.Build.0 = Release|Any CPU
	EndGlobalSection
	GlobalSection(SolutionProperties) = preSolution
		HideSolutionNode = FALSE
	EndGlobalSection
	GlobalSection(ExtensibilityGlobals) = postSolution
		SolutionGuid = {F785CCAE-0371-45CB-B06A-7F0BC98B394F}
	EndGlobalSection
EndGlobal
