
Microsoft Visual Studio Solution File, Format Version 12.00
# Visual Studio Version 17
VisualStudioVersion = 17.2.32630.192
MinimumVisualStudioVersion = 10.0.40219.1
Project("{FAE04EC0-301F-11D3-BF4B-00C04F79EFBC}") = "09This", "09This\09This.csproj", "{01697EE4-9C98-45F4-83BC-6606415F4732}"
EndProject
Global
	GlobalSection(SolutionConfigurationPlatforms) = preSolution
		Debug|Any CPU = Debug|Any CPU
		Release|Any CPU = Release|Any CPU
	EndGlobalSection
	GlobalSection(ProjectConfigurationPlatforms) = postSolution
		{01697EE4-9C98-45F4-83BC-6606415F4732}.Debug|Any CPU.ActiveCfg = Debug|Any CPU
		{01697EE4-9C98-45F4-83BC-6606415F4732}.Debug|Any CPU.Build.0 = Debug|Any CPU
		{01697EE4-9C98-45F4-83BC-6606415F4732}.Release|Any CPU.ActiveCfg = Release|Any CPU
		{01697EE4-9C98-45F4-83BC-6606415F4732}.Release|Any CPU.Build.0 = Release|Any CPU
	EndGlobalSection
	GlobalSection(SolutionProperties) = preSolution
		HideSolutionNode = FALSE
	EndGlobalSection
	GlobalSection(ExtensibilityGlobals) = postSolution
		SolutionGuid = {9958A499-6A23-4129-A66A-03C9FB9AC9E9}
	EndGlobalSection
EndGlobal
